{
  "name": "node-red-contrib-reboot-persistent-fsm",
  "version": "1.0.0",
  "lockfileVersion": 3,
  "requires": true,
  "packages": {
    "": {
      "name": "node-red-contrib-reboot-persistent-fsm",
      "version": "1.0.0",
      "license": "MIT",
      "dependencies": {
        "javascript-state-machine": "3.*"
      },
      "devDependencies": {}
    },
    "node_modules/javascript-state-machine": {
      "version": "3.1.0",
      "resolved": "https://registry.npmjs.org/javascript-state-machine/-/javascript-state-machine-3.1.0.tgz",
      "integrity": "sha512-BwhYxQ1OPenBPXC735RgfB+ZUG8H3kjsx8hrYTgWnoy6TPipEy4fiicyhT2lxRKAXq9pG7CfFT8a2HLr6Hmwxg=="
    }
  }
}
